
Microsoft Visual Studio Solution File, Format Version 12.00
# Visual Studio Version 17
VisualStudioVersion = 17.1.32319.34
MinimumVisualStudioVersion = 10.0.40219.1
Project("{8BC9CEB8-8B4A-11D0-8D11-00A0C91BC942}") = "lesson1（0）", "lesson1\lesson1（0）\lesson1（0）.vcxproj", "{EAF0C4EE-0866-4298-BA50-702B2D06B8F8}"
EndProject
Project("{8BC9CEB8-8B4A-11D0-8D11-00A0C91BC942}") = "lesson1（1）", "lesson1\lesson1（1）\lesson1（1）.vcxproj", "{37FE6EEC-E419-4990-9F69-DAD4A985FE78}"
EndProject
Project("{8BC9CEB8-8B4A-11D0-8D11-00A0C91BC942}") = "lesson1（2）", "lesson1\lesson1（2）\lesson1（2）.vcxproj", "{B5180DA9-AAC4-4B98-9C2A-27C3377EC474}"
EndProject
Project("{8BC9CEB8-8B4A-11D0-8D11-00A0C91BC942}") = "lesson1（3）", "lesson1\lesson1（3）\lesson1（3）.vcxproj", "{34C5A003-BD53-4E2C-82B8-1F4FA7651E4F}"
EndProject
Project("{8BC9CEB8-8B4A-11D0-8D11-00A0C91BC942}") = "lesson1Review（0）", "lesson1Review\lesson1Review（0）\lesson1Review（0）.vcxproj", "{FFD60540-DB5D-45DD-B347-EEF0F32A01B3}"
EndProject
Project("{8BC9CEB8-8B4A-11D0-8D11-00A0C91BC942}") = "lesson2（0）", "lesson2\lesson2（0）\lesson2（0）.vcxproj", "{94D6394B-A5E1-43E2-8D70-4960FACBE75A}"
EndProject
Project("{8BC9CEB8-8B4A-11D0-8D11-00A0C91BC942}") = "lesson2（1）", "lesson2\lesson2（1）\lesson2（1）.vcxproj", "{21F56238-14E6-4EB8-AC11-1FC3A7553CDC}"
EndProject
Project("{8BC9CEB8-8B4A-11D0-8D11-00A0C91BC942}") = "lesson2（2）", "lesson2\lesson2（2）\lesson2（2）.vcxproj", "{13353022-6181-40E1-8145-395D1EB724FC}"
EndProject
Project("{8BC9CEB8-8B4A-11D0-8D11-00A0C91BC942}") = "lesson2（3）", "lesson2\lesson2（3）\lesson2（3）.vcxproj", "{01D27128-7196-4479-91D0-472C90C21C51}"
EndProject
Project("{8BC9CEB8-8B4A-11D0-8D11-00A0C91BC942}") = "lesson2（4）", "lesson2\lesson2（4）\lesson2（4）.vcxproj", "{5BF6BDBD-D39B-4DCE-9AD9-6A5D2797EF4E}"
EndProject
Project("{8BC9CEB8-8B4A-11D0-8D11-00A0C91BC942}") = "lesson2（5）", "lesson2\lesson2（5）\lesson2（5）.vcxproj", "{77C5924F-43A7-4541-8F13-2158354ACAA4}"
EndProject
Project("{8BC9CEB8-8B4A-11D0-8D11-00A0C91BC942}") = "lesson2（6）", "lesson2\lesson2（6）\lesson2（6）.vcxproj", "{B40AD7A5-1A66-4132-B72C-9A7018F57D76}"
EndProject
Project("{8BC9CEB8-8B4A-11D0-8D11-00A0C91BC942}") = "lesson2（7）", "lesson2\lesson2（7）\lesson2（7）.vcxproj", "{B75EC55D-D8AC-4350-A113-F53FBAD302C4}"
EndProject
Project("{8BC9CEB8-8B4A-11D0-8D11-00A0C91BC942}") = "lesson2（8）", "lesson2\lesson2（8）\lesson2（8）.vcxproj", "{03044842-18D1-4A03-A556-267359E289D8}"
EndProject
Project("{8BC9CEB8-8B4A-11D0-8D11-00A0C91BC942}") = "lesson2（9）", "lesson2\lesson2（9）\lesson2（9）.vcxproj", "{A96AA30F-5A7E-4E64-ADE0-2EAFBB9B7C65}"
EndProject
Project("{8BC9CEB8-8B4A-11D0-8D11-00A0C91BC942}") = "lesson2（A）", "lesson2\lesson2（A）\lesson2（A）.vcxproj", "{8046714E-3B01-41B5-A8CA-7E2D8DCBD5A2}"
EndProject
Project("{8BC9CEB8-8B4A-11D0-8D11-00A0C91BC942}") = "lesson2Review（0）", "lesson2Review\lesson2Review（0）\lesson2Review（0）.vcxproj", "{D5BC7C02-9A63-4C7A-8357-3894CCD7FF85}"
EndProject
Project("{8BC9CEB8-8B4A-11D0-8D11-00A0C91BC942}") = "lesson3（0）", "lesson3\lesson3（0）\lesson3（0）.vcxproj", "{4AB49DFB-5B6F-4E31-B16B-08B8CED91CFE}"
EndProject
Project("{8BC9CEB8-8B4A-11D0-8D11-00A0C91BC942}") = "lesson3（1）", "lesson3\lesson3（1）\lesson3（1）.vcxproj", "{6683C91B-3419-4474-A72F-A4A21103DA60}"
EndProject
Project("{8BC9CEB8-8B4A-11D0-8D11-00A0C91BC942}") = "lesson3（2）", "lesson3\lesson3（2）\lesson3（2）.vcxproj", "{A84D21BB-B0AE-48E4-98B5-B1D4C7241006}"
EndProject
Project("{8BC9CEB8-8B4A-11D0-8D11-00A0C91BC942}") = "lesson3（3）", "lesson3\lesson3（3）\lesson3（3）.vcxproj", "{5D528B76-0920-4CBA-90BD-9B49C42D2E6C}"
EndProject
Project("{8BC9CEB8-8B4A-11D0-8D11-00A0C91BC942}") = "lesson3（4）", "lesson3\lesson3（4）\lesson3（4）.vcxproj", "{2580EE11-8632-4B1F-90E7-3540C43D528F}"
EndProject
Project("{8BC9CEB8-8B4A-11D0-8D11-00A0C91BC942}") = "lesson3Review（0）", "lesson3Review\lesson3Review（0）\lesson3Review（0）.vcxproj", "{E422C9CC-BF98-4356-921E-28B1A13795B6}"
EndProject
Project("{8BC9CEB8-8B4A-11D0-8D11-00A0C91BC942}") = "lesson4（0）", "lesson4\lesson4（0）\lesson4（0）.vcxproj", "{CA57B01E-497D-45AA-9F8E-7AD95C88C3A0}"
EndProject
Project("{8BC9CEB8-8B4A-11D0-8D11-00A0C91BC942}") = "lesson4（1）", "lesson4\lesson4（1）\lesson4（1）.vcxproj", "{24E66EF2-CF6A-4250-A094-5DB6D14850E9}"
EndProject
Project("{8BC9CEB8-8B4A-11D0-8D11-00A0C91BC942}") = "lesson4（2）", "lesson4\lesson4（2）\lesson4（2）.vcxproj", "{1AE8BA5C-FA1A-4CBC-829A-17F0AEA7B80A}"
EndProject
Project("{8BC9CEB8-8B4A-11D0-8D11-00A0C91BC942}") = "lesson4（3）", "lesson4\lesson4（3）\lesson4（3）.vcxproj", "{304B6A11-CA29-44DC-B5EA-15DBC65E1689}"
EndProject
Project("{8BC9CEB8-8B4A-11D0-8D11-00A0C91BC942}") = "lesson4Review（0）", "lesson4Review\lesson4Review（0）\lesson4Review（0）.vcxproj", "{7D2D6613-43BE-411B-B07E-BB160C1DBC75}"
EndProject
Project("{8BC9CEB8-8B4A-11D0-8D11-00A0C91BC942}") = "lesson5（1）", "lesson5\lesson5（1）\lesson5（1）.vcxproj", "{C491BF9C-7746-4F0E-89F7-A945A2C1F197}"
EndProject
Project("{8BC9CEB8-8B4A-11D0-8D11-00A0C91BC942}") = "lesson5（2）", "lesson5\lesson5（2）\lesson5（2）.vcxproj", "{AC81BE87-DBCE-42DC-A6F4-3A5E051B5CDF}"
EndProject
Project("{8BC9CEB8-8B4A-11D0-8D11-00A0C91BC942}") = "lesson5（3）", "lesson5\lesson5（3）\lesson5（3）.vcxproj", "{EE621024-8191-4F4B-80CE-C846EAA5D53B}"
EndProject
Project("{8BC9CEB8-8B4A-11D0-8D11-00A0C91BC942}") = "lesson5（4）", "lesson5\lesson5（4）\lesson5（4）.vcxproj", "{0E4AFF8E-0704-4D29-B3F0-16ADFF533D3D}"
EndProject
Project("{8BC9CEB8-8B4A-11D0-8D11-00A0C91BC942}") = "lesson5（5）", "lesson5\lesson5（5）\lesson5（5）.vcxproj", "{DEE3072E-B418-4DD0-9814-FC386723E78A}"
EndProject
Project("{8BC9CEB8-8B4A-11D0-8D11-00A0C91BC942}") = "lesson5（6）", "lesson5\lesson5（6）\lesson5（6）.vcxproj", "{5524DB05-00CC-470B-8190-589DE7F3508D}"
EndProject
Project("{8BC9CEB8-8B4A-11D0-8D11-00A0C91BC942}") = "lesson5Review（0）", "lesson5Review\lesson5Review（0）\lesson5Review（0）.vcxproj", "{37709D6C-AE3D-413A-AC94-D8A3C61C27AB}"
EndProject
Global
	GlobalSection(SolutionConfigurationPlatforms) = preSolution
		Debug|x64 = Debug|x64
		Debug|x86 = Debug|x86
		Release|x64 = Release|x64
		Release|x86 = Release|x86
	EndGlobalSection
	GlobalSection(ProjectConfigurationPlatforms) = postSolution
		{EAF0C4EE-0866-4298-BA50-702B2D06B8F8}.Debug|x64.ActiveCfg = Debug|x64
		{EAF0C4EE-0866-4298-BA50-702B2D06B8F8}.Debug|x64.Build.0 = Debug|x64
		{EAF0C4EE-0866-4298-BA50-702B2D06B8F8}.Debug|x86.ActiveCfg = Debug|Win32
		{EAF0C4EE-0866-4298-BA50-702B2D06B8F8}.Debug|x86.Build.0 = Debug|Win32
		{EAF0C4EE-0866-4298-BA50-702B2D06B8F8}.Release|x64.ActiveCfg = Release|x64
		{EAF0C4EE-0866-4298-BA50-702B2D06B8F8}.Release|x64.Build.0 = Release|x64
		{EAF0C4EE-0866-4298-BA50-702B2D06B8F8}.Release|x86.ActiveCfg = Release|Win32
		{EAF0C4EE-0866-4298-BA50-702B2D06B8F8}.Release|x86.Build.0 = Release|Win32
		{37FE6EEC-E419-4990-9F69-DAD4A985FE78}.Debug|x64.ActiveCfg = Debug|x64
		{37FE6EEC-E419-4990-9F69-DAD4A985FE78}.Debug|x64.Build.0 = Debug|x64
		{37FE6EEC-E419-4990-9F69-DAD4A985FE78}.Debug|x86.ActiveCfg = Debug|Win32
		{37FE6EEC-E419-4990-9F69-DAD4A985FE78}.Debug|x86.Build.0 = Debug|Win32
		{37FE6EEC-E419-4990-9F69-DAD4A985FE78}.Release|x64.ActiveCfg = Release|x64
		{37FE6EEC-E419-4990-9F69-DAD4A985FE78}.Release|x64.Build.0 = Release|x64
		{37FE6EEC-E419-4990-9F69-DAD4A985FE78}.Release|x86.ActiveCfg = Release|Win32
		{37FE6EEC-E419-4990-9F69-DAD4A985FE78}.Release|x86.Build.0 = Release|Win32
		{B5180DA9-AAC4-4B98-9C2A-27C3377EC474}.Debug|x64.ActiveCfg = Debug|x64
		{B5180DA9-AAC4-4B98-9C2A-27C3377EC474}.Debug|x64.Build.0 = Debug|x64
		{B5180DA9-AAC4-4B98-9C2A-27C3377EC474}.Debug|x86.ActiveCfg = Debug|Win32
		{B5180DA9-AAC4-4B98-9C2A-27C3377EC474}.Debug|x86.Build.0 = Debug|Win32
		{B5180DA9-AAC4-4B98-9C2A-27C3377EC474}.Release|x64.ActiveCfg = Release|x64
		{B5180DA9-AAC4-4B98-9C2A-27C3377EC474}.Release|x64.Build.0 = Release|x64
		{B5180DA9-AAC4-4B98-9C2A-27C3377EC474}.Release|x86.ActiveCfg = Release|Win32
		{B5180DA9-AAC4-4B98-9C2A-27C3377EC474}.Release|x86.Build.0 = Release|Win32
		{34C5A003-BD53-4E2C-82B8-1F4FA7651E4F}.Debug|x64.ActiveCfg = Debug|x64
		{34C5A003-BD53-4E2C-82B8-1F4FA7651E4F}.Debug|x64.Build.0 = Debug|x64
		{34C5A003-BD53-4E2C-82B8-1F4FA7651E4F}.Debug|x86.ActiveCfg = Debug|Win32
		{34C5A003-BD53-4E2C-82B8-1F4FA7651E4F}.Debug|x86.Build.0 = Debug|Win32
		{34C5A003-BD53-4E2C-82B8-1F4FA7651E4F}.Release|x64.ActiveCfg = Release|x64
		{34C5A003-BD53-4E2C-82B8-1F4FA7651E4F}.Release|x64.Build.0 = Release|x64
		{34C5A003-BD53-4E2C-82B8-1F4FA7651E4F}.Release|x86.ActiveCfg = Release|Win32
		{34C5A003-BD53-4E2C-82B8-1F4FA7651E4F}.Release|x86.Build.0 = Release|Win32
		{FFD60540-DB5D-45DD-B347-EEF0F32A01B3}.Debug|x64.ActiveCfg = Debug|x64
		{FFD60540-DB5D-45DD-B347-EEF0F32A01B3}.Debug|x64.Build.0 = Debug|x64
		{FFD60540-DB5D-45DD-B347-EEF0F32A01B3}.Debug|x86.ActiveCfg = Debug|Win32
		{FFD60540-DB5D-45DD-B347-EEF0F32A01B3}.Debug|x86.Build.0 = Debug|Win32
		{FFD60540-DB5D-45DD-B347-EEF0F32A01B3}.Release|x64.ActiveCfg = Release|x64
		{FFD60540-DB5D-45DD-B347-EEF0F32A01B3}.Release|x64.Build.0 = Release|x64
		{FFD60540-DB5D-45DD-B347-EEF0F32A01B3}.Release|x86.ActiveCfg = Release|Win32
		{FFD60540-DB5D-45DD-B347-EEF0F32A01B3}.Release|x86.Build.0 = Release|Win32
		{94D6394B-A5E1-43E2-8D70-4960FACBE75A}.Debug|x64.ActiveCfg = Debug|x64
		{94D6394B-A5E1-43E2-8D70-4960FACBE75A}.Debug|x64.Build.0 = Debug|x64
		{94D6394B-A5E1-43E2-8D70-4960FACBE75A}.Debug|x86.ActiveCfg = Debug|Win32
		{94D6394B-A5E1-43E2-8D70-4960FACBE75A}.Debug|x86.Build.0 = Debug|Win32
		{94D6394B-A5E1-43E2-8D70-4960FACBE75A}.Release|x64.ActiveCfg = Release|x64
		{94D6394B-A5E1-43E2-8D70-4960FACBE75A}.Release|x64.Build.0 = Release|x64
		{94D6394B-A5E1-43E2-8D70-4960FACBE75A}.Release|x86.ActiveCfg = Release|Win32
		{94D6394B-A5E1-43E2-8D70-4960FACBE75A}.Release|x86.Build.0 = Release|Win32
		{21F56238-14E6-4EB8-AC11-1FC3A7553CDC}.Debug|x64.ActiveCfg = Debug|x64
		{21F56238-14E6-4EB8-AC11-1FC3A7553CDC}.Debug|x64.Build.0 = Debug|x64
		{21F56238-14E6-4EB8-AC11-1FC3A7553CDC}.Debug|x86.ActiveCfg = Debug|Win32
		{21F56238-14E6-4EB8-AC11-1FC3A7553CDC}.Debug|x86.Build.0 = Debug|Win32
		{21F56238-14E6-4EB8-AC11-1FC3A7553CDC}.Release|x64.ActiveCfg = Release|x64
		{21F56238-14E6-4EB8-AC11-1FC3A7553CDC}.Release|x64.Build.0 = Release|x64
		{21F56238-14E6-4EB8-AC11-1FC3A7553CDC}.Release|x86.ActiveCfg = Release|Win32
		{21F56238-14E6-4EB8-AC11-1FC3A7553CDC}.Release|x86.Build.0 = Release|Win32
		{13353022-6181-40E1-8145-395D1EB724FC}.Debug|x64.ActiveCfg = Debug|x64
		{13353022-6181-40E1-8145-395D1EB724FC}.Debug|x64.Build.0 = Debug|x64
		{13353022-6181-40E1-8145-395D1EB724FC}.Debug|x86.ActiveCfg = Debug|Win32
		{13353022-6181-40E1-8145-395D1EB724FC}.Debug|x86.Build.0 = Debug|Win32
		{13353022-6181-40E1-8145-395D1EB724FC}.Release|x64.ActiveCfg = Release|x64
		{13353022-6181-40E1-8145-395D1EB724FC}.Release|x64.Build.0 = Release|x64
		{13353022-6181-40E1-8145-395D1EB724FC}.Release|x86.ActiveCfg = Release|Win32
		{13353022-6181-40E1-8145-395D1EB724FC}.Release|x86.Build.0 = Release|Win32
		{01D27128-7196-4479-91D0-472C90C21C51}.Debug|x64.ActiveCfg = Debug|x64
		{01D27128-7196-4479-91D0-472C90C21C51}.Debug|x64.Build.0 = Debug|x64
		{01D27128-7196-4479-91D0-472C90C21C51}.Debug|x86.ActiveCfg = Debug|Win32
		{01D27128-7196-4479-91D0-472C90C21C51}.Debug|x86.Build.0 = Debug|Win32
		{01D27128-7196-4479-91D0-472C90C21C51}.Release|x64.ActiveCfg = Release|x64
		{01D27128-7196-4479-91D0-472C90C21C51}.Release|x64.Build.0 = Release|x64
		{01D27128-7196-4479-91D0-472C90C21C51}.Release|x86.ActiveCfg = Release|Win32
		{01D27128-7196-4479-91D0-472C90C21C51}.Release|x86.Build.0 = Release|Win32
		{5BF6BDBD-D39B-4DCE-9AD9-6A5D2797EF4E}.Debug|x64.ActiveCfg = Debug|x64
		{5BF6BDBD-D39B-4DCE-9AD9-6A5D2797EF4E}.Debug|x64.Build.0 = Debug|x64
		{5BF6BDBD-D39B-4DCE-9AD9-6A5D2797EF4E}.Debug|x86.ActiveCfg = Debug|Win32
		{5BF6BDBD-D39B-4DCE-9AD9-6A5D2797EF4E}.Debug|x86.Build.0 = Debug|Win32
		{5BF6BDBD-D39B-4DCE-9AD9-6A5D2797EF4E}.Release|x64.ActiveCfg = Release|x64
		{5BF6BDBD-D39B-4DCE-9AD9-6A5D2797EF4E}.Release|x64.Build.0 = Release|x64
		{5BF6BDBD-D39B-4DCE-9AD9-6A5D2797EF4E}.Release|x86.ActiveCfg = Release|Win32
		{5BF6BDBD-D39B-4DCE-9AD9-6A5D2797EF4E}.Release|x86.Build.0 = Release|Win32
		{77C5924F-43A7-4541-8F13-2158354ACAA4}.Debug|x64.ActiveCfg = Debug|x64
		{77C5924F-43A7-4541-8F13-2158354ACAA4}.Debug|x64.Build.0 = Debug|x64
		{77C5924F-43A7-4541-8F13-2158354ACAA4}.Debug|x86.ActiveCfg = Debug|Win32
		{77C5924F-43A7-4541-8F13-2158354ACAA4}.Debug|x86.Build.0 = Debug|Win32
		{77C5924F-43A7-4541-8F13-2158354ACAA4}.Release|x64.ActiveCfg = Release|x64
		{77C5924F-43A7-4541-8F13-2158354ACAA4}.Release|x64.Build.0 = Release|x64
		{77C5924F-43A7-4541-8F13-2158354ACAA4}.Release|x86.ActiveCfg = Release|Win32
		{77C5924F-43A7-4541-8F13-2158354ACAA4}.Release|x86.Build.0 = Release|Win32
		{B40AD7A5-1A66-4132-B72C-9A7018F57D76}.Debug|x64.ActiveCfg = Debug|x64
		{B40AD7A5-1A66-4132-B72C-9A7018F57D76}.Debug|x64.Build.0 = Debug|x64
		{B40AD7A5-1A66-4132-B72C-9A7018F57D76}.Debug|x86.ActiveCfg = Debug|Win32
		{B40AD7A5-1A66-4132-B72C-9A7018F57D76}.Debug|x86.Build.0 = Debug|Win32
		{B40AD7A5-1A66-4132-B72C-9A7018F57D76}.Release|x64.ActiveCfg = Release|x64
		{B40AD7A5-1A66-4132-B72C-9A7018F57D76}.Release|x64.Build.0 = Release|x64
		{B40AD7A5-1A66-4132-B72C-9A7018F57D76}.Release|x86.ActiveCfg = Release|Win32
		{B40AD7A5-1A66-4132-B72C-9A7018F57D76}.Release|x86.Build.0 = Release|Win32
		{B75EC55D-D8AC-4350-A113-F53FBAD302C4}.Debug|x64.ActiveCfg = Debug|x64
		{B75EC55D-D8AC-4350-A113-F53FBAD302C4}.Debug|x64.Build.0 = Debug|x64
		{B75EC55D-D8AC-4350-A113-F53FBAD302C4}.Debug|x86.ActiveCfg = Debug|Win32
		{B75EC55D-D8AC-4350-A113-F53FBAD302C4}.Debug|x86.Build.0 = Debug|Win32
		{B75EC55D-D8AC-4350-A113-F53FBAD302C4}.Release|x64.ActiveCfg = Release|x64
		{B75EC55D-D8AC-4350-A113-F53FBAD302C4}.Release|x64.Build.0 = Release|x64
		{B75EC55D-D8AC-4350-A113-F53FBAD302C4}.Release|x86.ActiveCfg = Release|Win32
		{B75EC55D-D8AC-4350-A113-F53FBAD302C4}.Release|x86.Build.0 = Release|Win32
		{03044842-18D1-4A03-A556-267359E289D8}.Debug|x64.ActiveCfg = Debug|x64
		{03044842-18D1-4A03-A556-267359E289D8}.Debug|x64.Build.0 = Debug|x64
		{03044842-18D1-4A03-A556-267359E289D8}.Debug|x86.ActiveCfg = Debug|Win32
		{03044842-18D1-4A03-A556-267359E289D8}.Debug|x86.Build.0 = Debug|Win32
		{03044842-18D1-4A03-A556-267359E289D8}.Release|x64.ActiveCfg = Release|x64
		{03044842-18D1-4A03-A556-267359E289D8}.Release|x64.Build.0 = Release|x64
		{03044842-18D1-4A03-A556-267359E289D8}.Release|x86.ActiveCfg = Release|Win32
		{03044842-18D1-4A03-A556-267359E289D8}.Release|x86.Build.0 = Release|Win32
		{A96AA30F-5A7E-4E64-ADE0-2EAFBB9B7C65}.Debug|x64.ActiveCfg = Debug|x64
		{A96AA30F-5A7E-4E64-ADE0-2EAFBB9B7C65}.Debug|x64.Build.0 = Debug|x64
		{A96AA30F-5A7E-4E64-ADE0-2EAFBB9B7C65}.Debug|x86.ActiveCfg = Debug|Win32
		{A96AA30F-5A7E-4E64-ADE0-2EAFBB9B7C65}.Debug|x86.Build.0 = Debug|Win32
		{A96AA30F-5A7E-4E64-ADE0-2EAFBB9B7C65}.Release|x64.ActiveCfg = Release|x64
		{A96AA30F-5A7E-4E64-ADE0-2EAFBB9B7C65}.Release|x64.Build.0 = Release|x64
		{A96AA30F-5A7E-4E64-ADE0-2EAFBB9B7C65}.Release|x86.ActiveCfg = Release|Win32
		{A96AA30F-5A7E-4E64-ADE0-2EAFBB9B7C65}.Release|x86.Build.0 = Release|Win32
		{8046714E-3B01-41B5-A8CA-7E2D8DCBD5A2}.Debug|x64.ActiveCfg = Debug|x64
		{8046714E-3B01-41B5-A8CA-7E2D8DCBD5A2}.Debug|x64.Build.0 = Debug|x64
		{8046714E-3B01-41B5-A8CA-7E2D8DCBD5A2}.Debug|x86.ActiveCfg = Debug|Win32
		{8046714E-3B01-41B5-A8CA-7E2D8DCBD5A2}.Debug|x86.Build.0 = Debug|Win32
		{8046714E-3B01-41B5-A8CA-7E2D8DCBD5A2}.Release|x64.ActiveCfg = Release|x64
		{8046714E-3B01-41B5-A8CA-7E2D8DCBD5A2}.Release|x64.Build.0 = Release|x64
		{8046714E-3B01-41B5-A8CA-7E2D8DCBD5A2}.Release|x86.ActiveCfg = Release|Win32
		{8046714E-3B01-41B5-A8CA-7E2D8DCBD5A2}.Release|x86.Build.0 = Release|Win32
		{D5BC7C02-9A63-4C7A-8357-3894CCD7FF85}.Debug|x64.ActiveCfg = Debug|x64
		{D5BC7C02-9A63-4C7A-8357-3894CCD7FF85}.Debug|x64.Build.0 = Debug|x64
		{D5BC7C02-9A63-4C7A-8357-3894CCD7FF85}.Debug|x86.ActiveCfg = Debug|Win32
		{D5BC7C02-9A63-4C7A-8357-3894CCD7FF85}.Debug|x86.Build.0 = Debug|Win32
		{D5BC7C02-9A63-4C7A-8357-3894CCD7FF85}.Release|x64.ActiveCfg = Release|x64
		{D5BC7C02-9A63-4C7A-8357-3894CCD7FF85}.Release|x64.Build.0 = Release|x64
		{D5BC7C02-9A63-4C7A-8357-3894CCD7FF85}.Release|x86.ActiveCfg = Release|Win32
		{D5BC7C02-9A63-4C7A-8357-3894CCD7FF85}.Release|x86.Build.0 = Release|Win32
		{4AB49DFB-5B6F-4E31-B16B-08B8CED91CFE}.Debug|x64.ActiveCfg = Debug|x64
		{4AB49DFB-5B6F-4E31-B16B-08B8CED91CFE}.Debug|x64.Build.0 = Debug|x64
		{4AB49DFB-5B6F-4E31-B16B-08B8CED91CFE}.Debug|x86.ActiveCfg = Debug|Win32
		{4AB49DFB-5B6F-4E31-B16B-08B8CED91CFE}.Debug|x86.Build.0 = Debug|Win32
		{4AB49DFB-5B6F-4E31-B16B-08B8CED91CFE}.Release|x64.ActiveCfg = Release|x64
		{4AB49DFB-5B6F-4E31-B16B-08B8CED91CFE}.Release|x64.Build.0 = Release|x64
		{4AB49DFB-5B6F-4E31-B16B-08B8CED91CFE}.Release|x86.ActiveCfg = Release|Win32
		{4AB49DFB-5B6F-4E31-B16B-08B8CED91CFE}.Release|x86.Build.0 = Release|Win32
		{6683C91B-3419-4474-A72F-A4A21103DA60}.Debug|x64.ActiveCfg = Debug|x64
		{6683C91B-3419-4474-A72F-A4A21103DA60}.Debug|x64.Build.0 = Debug|x64
		{6683C91B-3419-4474-A72F-A4A21103DA60}.Debug|x86.ActiveCfg = Debug|Win32
		{6683C91B-3419-4474-A72F-A4A21103DA60}.Debug|x86.Build.0 = Debug|Win32
		{6683C91B-3419-4474-A72F-A4A21103DA60}.Release|x64.ActiveCfg = Release|x64
		{6683C91B-3419-4474-A72F-A4A21103DA60}.Release|x64.Build.0 = Release|x64
		{6683C91B-3419-4474-A72F-A4A21103DA60}.Release|x86.ActiveCfg = Release|Win32
		{6683C91B-3419-4474-A72F-A4A21103DA60}.Release|x86.Build.0 = Release|Win32
		{A84D21BB-B0AE-48E4-98B5-B1D4C7241006}.Debug|x64.ActiveCfg = Debug|x64
		{A84D21BB-B0AE-48E4-98B5-B1D4C7241006}.Debug|x64.Build.0 = Debug|x64
		{A84D21BB-B0AE-48E4-98B5-B1D4C7241006}.Debug|x86.ActiveCfg = Debug|Win32
		{A84D21BB-B0AE-48E4-98B5-B1D4C7241006}.Debug|x86.Build.0 = Debug|Win32
		{A84D21BB-B0AE-48E4-98B5-B1D4C7241006}.Release|x64.ActiveCfg = Release|x64
		{A84D21BB-B0AE-48E4-98B5-B1D4C7241006}.Release|x64.Build.0 = Release|x64
		{A84D21BB-B0AE-48E4-98B5-B1D4C7241006}.Release|x86.ActiveCfg = Release|Win32
		{A84D21BB-B0AE-48E4-98B5-B1D4C7241006}.Release|x86.Build.0 = Release|Win32
		{5D528B76-0920-4CBA-90BD-9B49C42D2E6C}.Debug|x64.ActiveCfg = Debug|x64
		{5D528B76-0920-4CBA-90BD-9B49C42D2E6C}.Debug|x64.Build.0 = Debug|x64
		{5D528B76-0920-4CBA-90BD-9B49C42D2E6C}.Debug|x86.ActiveCfg = Debug|Win32
		{5D528B76-0920-4CBA-90BD-9B49C42D2E6C}.Debug|x86.Build.0 = Debug|Win32
		{5D528B76-0920-4CBA-90BD-9B49C42D2E6C}.Release|x64.ActiveCfg = Release|x64
		{5D528B76-0920-4CBA-90BD-9B49C42D2E6C}.Release|x64.Build.0 = Release|x64
		{5D528B76-0920-4CBA-90BD-9B49C42D2E6C}.Release|x86.ActiveCfg = Release|Win32
		{5D528B76-0920-4CBA-90BD-9B49C42D2E6C}.Release|x86.Build.0 = Release|Win32
		{2580EE11-8632-4B1F-90E7-3540C43D528F}.Debug|x64.ActiveCfg = Debug|x64
		{2580EE11-8632-4B1F-90E7-3540C43D528F}.Debug|x64.Build.0 = Debug|x64
		{2580EE11-8632-4B1F-90E7-3540C43D528F}.Debug|x86.ActiveCfg = Debug|Win32
		{2580EE11-8632-4B1F-90E7-3540C43D528F}.Debug|x86.Build.0 = Debug|Win32
		{2580EE11-8632-4B1F-90E7-3540C43D528F}.Release|x64.ActiveCfg = Release|x64
		{2580EE11-8632-4B1F-90E7-3540C43D528F}.Release|x64.Build.0 = Release|x64
		{2580EE11-8632-4B1F-90E7-3540C43D528F}.Release|x86.ActiveCfg = Release|Win32
		{2580EE11-8632-4B1F-90E7-3540C43D528F}.Release|x86.Build.0 = Release|Win32
		{E422C9CC-BF98-4356-921E-28B1A13795B6}.Debug|x64.ActiveCfg = Debug|x64
		{E422C9CC-BF98-4356-921E-28B1A13795B6}.Debug|x64.Build.0 = Debug|x64
		{E422C9CC-BF98-4356-921E-28B1A13795B6}.Debug|x86.ActiveCfg = Debug|Win32
		{E422C9CC-BF98-4356-921E-28B1A13795B6}.Debug|x86.Build.0 = Debug|Win32
		{E422C9CC-BF98-4356-921E-28B1A13795B6}.Release|x64.ActiveCfg = Release|x64
		{E422C9CC-BF98-4356-921E-28B1A13795B6}.Release|x64.Build.0 = Release|x64
		{E422C9CC-BF98-4356-921E-28B1A13795B6}.Release|x86.ActiveCfg = Release|Win32
		{E422C9CC-BF98-4356-921E-28B1A13795B6}.Release|x86.Build.0 = Release|Win32
		{CA57B01E-497D-45AA-9F8E-7AD95C88C3A0}.Debug|x64.ActiveCfg = Debug|x64
		{CA57B01E-497D-45AA-9F8E-7AD95C88C3A0}.Debug|x64.Build.0 = Debug|x64
		{CA57B01E-497D-45AA-9F8E-7AD95C88C3A0}.Debug|x86.ActiveCfg = Debug|Win32
		{CA57B01E-497D-45AA-9F8E-7AD95C88C3A0}.Debug|x86.Build.0 = Debug|Win32
		{CA57B01E-497D-45AA-9F8E-7AD95C88C3A0}.Release|x64.ActiveCfg = Release|x64
		{CA57B01E-497D-45AA-9F8E-7AD95C88C3A0}.Release|x64.Build.0 = Release|x64
		{CA57B01E-497D-45AA-9F8E-7AD95C88C3A0}.Release|x86.ActiveCfg = Release|Win32
		{CA57B01E-497D-45AA-9F8E-7AD95C88C3A0}.Release|x86.Build.0 = Release|Win32
		{24E66EF2-CF6A-4250-A094-5DB6D14850E9}.Debug|x64.ActiveCfg = Debug|x64
		{24E66EF2-CF6A-4250-A094-5DB6D14850E9}.Debug|x64.Build.0 = Debug|x64
		{24E66EF2-CF6A-4250-A094-5DB6D14850E9}.Debug|x86.ActiveCfg = Debug|Win32
		{24E66EF2-CF6A-4250-A094-5DB6D14850E9}.Debug|x86.Build.0 = Debug|Win32
		{24E66EF2-CF6A-4250-A094-5DB6D14850E9}.Release|x64.ActiveCfg = Release|x64
		{24E66EF2-CF6A-4250-A094-5DB6D14850E9}.Release|x64.Build.0 = Release|x64
		{24E66EF2-CF6A-4250-A094-5DB6D14850E9}.Release|x86.ActiveCfg = Release|Win32
		{24E66EF2-CF6A-4250-A094-5DB6D14850E9}.Release|x86.Build.0 = Release|Win32
		{1AE8BA5C-FA1A-4CBC-829A-17F0AEA7B80A}.Debug|x64.ActiveCfg = Debug|x64
		{1AE8BA5C-FA1A-4CBC-829A-17F0AEA7B80A}.Debug|x64.Build.0 = Debug|x64
		{1AE8BA5C-FA1A-4CBC-829A-17F0AEA7B80A}.Debug|x86.ActiveCfg = Debug|Win32
		{1AE8BA5C-FA1A-4CBC-829A-17F0AEA7B80A}.Debug|x86.Build.0 = Debug|Win32
		{1AE8BA5C-FA1A-4CBC-829A-17F0AEA7B80A}.Release|x64.ActiveCfg = Release|x64
		{1AE8BA5C-FA1A-4CBC-829A-17F0AEA7B80A}.Release|x64.Build.0 = Release|x64
		{1AE8BA5C-FA1A-4CBC-829A-17F0AEA7B80A}.Release|x86.ActiveCfg = Release|Win32
		{1AE8BA5C-FA1A-4CBC-829A-17F0AEA7B80A}.Release|x86.Build.0 = Release|Win32
		{304B6A11-CA29-44DC-B5EA-15DBC65E1689}.Debug|x64.ActiveCfg = Debug|x64
		{304B6A11-CA29-44DC-B5EA-15DBC65E1689}.Debug|x64.Build.0 = Debug|x64
		{304B6A11-CA29-44DC-B5EA-15DBC65E1689}.Debug|x86.ActiveCfg = Debug|Win32
		{304B6A11-CA29-44DC-B5EA-15DBC65E1689}.Debug|x86.Build.0 = Debug|Win32
		{304B6A11-CA29-44DC-B5EA-15DBC65E1689}.Release|x64.ActiveCfg = Release|x64
		{304B6A11-CA29-44DC-B5EA-15DBC65E1689}.Release|x64.Build.0 = Release|x64
		{304B6A11-CA29-44DC-B5EA-15DBC65E1689}.Release|x86.ActiveCfg = Release|Win32
		{304B6A11-CA29-44DC-B5EA-15DBC65E1689}.Release|x86.Build.0 = Release|Win32
		{7D2D6613-43BE-411B-B07E-BB160C1DBC75}.Debug|x64.ActiveCfg = Debug|x64
		{7D2D6613-43BE-411B-B07E-BB160C1DBC75}.Debug|x64.Build.0 = Debug|x64
		{7D2D6613-43BE-411B-B07E-BB160C1DBC75}.Debug|x86.ActiveCfg = Debug|Win32
		{7D2D6613-43BE-411B-B07E-BB160C1DBC75}.Debug|x86.Build.0 = Debug|Win32
		{7D2D6613-43BE-411B-B07E-BB160C1DBC75}.Release|x64.ActiveCfg = Release|x64
		{7D2D6613-43BE-411B-B07E-BB160C1DBC75}.Release|x64.Build.0 = Release|x64
		{7D2D6613-43BE-411B-B07E-BB160C1DBC75}.Release|x86.ActiveCfg = Release|Win32
		{7D2D6613-43BE-411B-B07E-BB160C1DBC75}.Release|x86.Build.0 = Release|Win32
		{C491BF9C-7746-4F0E-89F7-A945A2C1F197}.Debug|x64.ActiveCfg = Debug|x64
		{C491BF9C-7746-4F0E-89F7-A945A2C1F197}.Debug|x64.Build.0 = Debug|x64
		{C491BF9C-7746-4F0E-89F7-A945A2C1F197}.Debug|x86.ActiveCfg = Debug|Win32
		{C491BF9C-7746-4F0E-89F7-A945A2C1F197}.Debug|x86.Build.0 = Debug|Win32
		{C491BF9C-7746-4F0E-89F7-A945A2C1F197}.Release|x64.ActiveCfg = Release|x64
		{C491BF9C-7746-4F0E-89F7-A945A2C1F197}.Release|x64.Build.0 = Release|x64
		{C491BF9C-7746-4F0E-89F7-A945A2C1F197}.Release|x86.ActiveCfg = Release|Win32
		{C491BF9C-7746-4F0E-89F7-A945A2C1F197}.Release|x86.Build.0 = Release|Win32
		{AC81BE87-DBCE-42DC-A6F4-3A5E051B5CDF}.Debug|x64.ActiveCfg = Debug|x64
		{AC81BE87-DBCE-42DC-A6F4-3A5E051B5CDF}.Debug|x64.Build.0 = Debug|x64
		{AC81BE87-DBCE-42DC-A6F4-3A5E051B5CDF}.Debug|x86.ActiveCfg = Debug|Win32
		{AC81BE87-DBCE-42DC-A6F4-3A5E051B5CDF}.Debug|x86.Build.0 = Debug|Win32
		{AC81BE87-DBCE-42DC-A6F4-3A5E051B5CDF}.Release|x64.ActiveCfg = Release|x64
		{AC81BE87-DBCE-42DC-A6F4-3A5E051B5CDF}.Release|x64.Build.0 = Release|x64
		{AC81BE87-DBCE-42DC-A6F4-3A5E051B5CDF}.Release|x86.ActiveCfg = Release|Win32
		{AC81BE87-DBCE-42DC-A6F4-3A5E051B5CDF}.Release|x86.Build.0 = Release|Win32
		{EE621024-8191-4F4B-80CE-C846EAA5D53B}.Debug|x64.ActiveCfg = Debug|x64
		{EE621024-8191-4F4B-80CE-C846EAA5D53B}.Debug|x64.Build.0 = Debug|x64
		{EE621024-8191-4F4B-80CE-C846EAA5D53B}.Debug|x86.ActiveCfg = Debug|Win32
		{EE621024-8191-4F4B-80CE-C846EAA5D53B}.Debug|x86.Build.0 = Debug|Win32
		{EE621024-8191-4F4B-80CE-C846EAA5D53B}.Release|x64.ActiveCfg = Release|x64
		{EE621024-8191-4F4B-80CE-C846EAA5D53B}.Release|x64.Build.0 = Release|x64
		{EE621024-8191-4F4B-80CE-C846EAA5D53B}.Release|x86.ActiveCfg = Release|Win32
		{EE621024-8191-4F4B-80CE-C846EAA5D53B}.Release|x86.Build.0 = Release|Win32
		{0E4AFF8E-0704-4D29-B3F0-16ADFF533D3D}.Debug|x64.ActiveCfg = Debug|x64
		{0E4AFF8E-0704-4D29-B3F0-16ADFF533D3D}.Debug|x64.Build.0 = Debug|x64
		{0E4AFF8E-0704-4D29-B3F0-16ADFF533D3D}.Debug|x86.ActiveCfg = Debug|Win32
		{0E4AFF8E-0704-4D29-B3F0-16ADFF533D3D}.Debug|x86.Build.0 = Debug|Win32
		{0E4AFF8E-0704-4D29-B3F0-16ADFF533D3D}.Release|x64.ActiveCfg = Release|x64
		{0E4AFF8E-0704-4D29-B3F0-16ADFF533D3D}.Release|x64.Build.0 = Release|x64
		{0E4AFF8E-0704-4D29-B3F0-16ADFF533D3D}.Release|x86.ActiveCfg = Release|Win32
		{0E4AFF8E-0704-4D29-B3F0-16ADFF533D3D}.Release|x86.Build.0 = Release|Win32
		{DEE3072E-B418-4DD0-9814-FC386723E78A}.Debug|x64.ActiveCfg = Debug|x64
		{DEE3072E-B418-4DD0-9814-FC386723E78A}.Debug|x64.Build.0 = Debug|x64
		{DEE3072E-B418-4DD0-9814-FC386723E78A}.Debug|x86.ActiveCfg = Debug|Win32
		{DEE3072E-B418-4DD0-9814-FC386723E78A}.Debug|x86.Build.0 = Debug|Win32
		{DEE3072E-B418-4DD0-9814-FC386723E78A}.Release|x64.ActiveCfg = Release|x64
		{DEE3072E-B418-4DD0-9814-FC386723E78A}.Release|x64.Build.0 = Release|x64
		{DEE3072E-B418-4DD0-9814-FC386723E78A}.Release|x86.ActiveCfg = Release|Win32
		{DEE3072E-B418-4DD0-9814-FC386723E78A}.Release|x86.Build.0 = Release|Win32
		{5524DB05-00CC-470B-8190-589DE7F3508D}.Debug|x64.ActiveCfg = Debug|x64
		{5524DB05-00CC-470B-8190-589DE7F3508D}.Debug|x64.Build.0 = Debug|x64
		{5524DB05-00CC-470B-8190-589DE7F3508D}.Debug|x86.ActiveCfg = Debug|Win32
		{5524DB05-00CC-470B-8190-589DE7F3508D}.Debug|x86.Build.0 = Debug|Win32
		{5524DB05-00CC-470B-8190-589DE7F3508D}.Release|x64.ActiveCfg = Release|x64
		{5524DB05-00CC-470B-8190-589DE7F3508D}.Release|x64.Build.0 = Release|x64
		{5524DB05-00CC-470B-8190-589DE7F3508D}.Release|x86.ActiveCfg = Release|Win32
		{5524DB05-00CC-470B-8190-589DE7F3508D}.Release|x86.Build.0 = Release|Win32
		{37709D6C-AE3D-413A-AC94-D8A3C61C27AB}.Debug|x64.ActiveCfg = Debug|x64
		{37709D6C-AE3D-413A-AC94-D8A3C61C27AB}.Debug|x64.Build.0 = Debug|x64
		{37709D6C-AE3D-413A-AC94-D8A3C61C27AB}.Debug|x86.ActiveCfg = Debug|Win32
		{37709D6C-AE3D-413A-AC94-D8A3C61C27AB}.Debug|x86.Build.0 = Debug|Win32
		{37709D6C-AE3D-413A-AC94-D8A3C61C27AB}.Release|x64.ActiveCfg = Release|x64
		{37709D6C-AE3D-413A-AC94-D8A3C61C27AB}.Release|x64.Build.0 = Release|x64
		{37709D6C-AE3D-413A-AC94-D8A3C61C27AB}.Release|x86.ActiveCfg = Release|Win32
		{37709D6C-AE3D-413A-AC94-D8A3C61C27AB}.Release|x86.Build.0 = Release|Win32
	EndGlobalSection
	GlobalSection(SolutionProperties) = preSolution
		HideSolutionNode = FALSE
	EndGlobalSection
	GlobalSection(ExtensibilityGlobals) = postSolution
		SolutionGuid = {B9DCC76C-EC84-4909-AC31-6B1218032C3C}
	EndGlobalSection
EndGlobal
